// !$*UTF8*$!
{
	archiveVersion = 1;
	classes = {
	};
	objectVersion = 77;
	objects = {

/* Begin PBXBuildFile section */
		013303F72D593D8D007C60F1 /* .gitignore in Resources */ = {isa = PBXBuildFile; fileRef = 013303F62D593D8D007C60F1 /* .gitignore */; };
/* End PBXBuildFile section */

/* Begin PBXContainerItemProxy section */
		013303AE2D590FDF007C60F1 /* PBXContainerItemProxy */ = {
			isa = PBXContainerItemProxy;
			containerPortal = 013303952D590FDE007C60F1 /* Project object */;
			proxyType = 1;
			remoteGlobalIDString = 0133039C2D590FDE007C60F1;
			remoteInfo = "border-radius previewer";
		};
		013303B82D590FE0007C60F1 /* PBXContainerItemProxy */ = {
			isa = PBXContainerItemProxy;
			containerPortal = 013303952D590FDE007C60F1 /* Project object */;
			proxyType = 1;
			remoteGlobalIDString = 0133039C2D590FDE007C60F1;
			remoteInfo = "border-radius previewer";
		};
/* End PBXContainerItemProxy section */

/* Begin PBXFileReference section */
		0133039D2D590FDE007C60F1 /* border-radius previewer.app */ = {isa = PBXFileReference; explicitFileType = wrapper.application; includeInIndex = 0; path = "border-radius previewer.app"; sourceTree = BUILT_PRODUCTS_DIR; };
		013303AD2D590FDF007C60F1 /* border-radius previewerTests.xctest */ = {isa = PBXFileReference; explicitFileType = wrapper.cfbundle; includeInIndex = 0; path = "border-radius previewerTests.xctest"; sourceTree = BUILT_PRODUCTS_DIR; };
		013303B72D590FE0007C60F1 /* border-radius previewerUITests.xctest */ = {isa = PBXFileReference; explicitFileType = wrapper.cfbundle; includeInIndex = 0; path = "border-radius previewerUITests.xctest"; sourceTree = BUILT_PRODUCTS_DIR; };
		013303F62D593D8D007C60F1 /* .gitignore */ = {isa = PBXFileReference; lastKnownFileType = text; path = .gitignore; sourceTree = "<group>"; };
/* End PBXFileReference section */

/* Begin PBXFileSystemSynchronizedRootGroup section */
		0133039F2D590FDE007C60F1 /* border-radius previewer */ = {
			isa = PBXFileSystemSynchronizedRootGroup;
			path = "border-radius previewer";
			sourceTree = "<group>";
		};
		013303B02D590FE0007C60F1 /* border-radius previewerTests */ = {
			isa = PBXFileSystemSynchronizedRootGroup;
			path = "border-radius previewerTests";
			sourceTree = "<group>";
		};
		013303BA2D590FE0007C60F1 /* border-radius previewerUITests */ = {
			isa = PBXFileSystemSynchronizedRootGroup;
			path = "border-radius previewerUITests";
			sourceTree = "<group>";
		};
/* End PBXFileSystemSynchronizedRootGroup section */

/* Begin PBXFrameworksBuildPhase section */
		0133039A2D590FDE007C60F1 /* Frameworks */ = {
			isa = PBXFrameworksBuildPhase;
			buildActionMask = 2147483647;
			files = (
			);
			runOnlyForDeploymentPostprocessing = 0;
		};
		013303AA2D590FDF007C60F1 /* Frameworks */ = {
			isa = PBXFrameworksBuildPhase;
			buildActionMask = 2147483647;
			files = (
			);
			runOnlyForDeploymentPostprocessing = 0;
		};
		013303B42D590FE0007C60F1 /* Frameworks */ = {
			isa = PBXFrameworksBuildPhase;
			buildActionMask = 2147483647;
			files = (
			);
			runOnlyForDeploymentPostprocessing = 0;
		};
/* End PBXFrameworksBuildPhase section */

/* Begin PBXGroup section */
		013303942D590FDE007C60F1 = {
			isa = PBXGroup;
			children = (
				013303F62D593D8D007C60F1 /* .gitignore */,
				0133039F2D590FDE007C60F1 /* border-radius previewer */,
				013303B02D590FE0007C60F1 /* border-radius previewerTests */,
				013303BA2D590FE0007C60F1 /* border-radius previewerUITests */,
				0133039E2D590FDE007C60F1 /* Products */,
			);
			sourceTree = "<group>";
		};
		0133039E2D590FDE007C60F1 /* Products */ = {
			isa = PBXGroup;
			children = (
				0133039D2D590FDE007C60F1 /* border-radius previewer.app */,
				013303AD2D590FDF007C60F1 /* border-radius previewerTests.xctest */,
				013303B72D590FE0007C60F1 /* border-radius previewerUITests.xctest */,
			);
			name = Products;
			sourceTree = "<group>";
		};
/* End PBXGroup section */

/* Begin PBXNativeTarget section */
		0133039C2D590FDE007C60F1 /* border-radius previewer */ = {
			isa = PBXNativeTarget;
			buildConfigurationList = 013303C12D590FE0007C60F1 /* Build configuration list for PBXNativeTarget "border-radius previewer" */;
			buildPhases = (
				013303992D590FDE007C60F1 /* Sources */,
				0133039A2D590FDE007C60F1 /* Frameworks */,
				0133039B2D590FDE007C60F1 /* Resources */,
			);
			buildRules = (
			);
			dependencies = (
			);
			fileSystemSynchronizedGroups = (
				0133039F2D590FDE007C60F1 /* border-radius previewer */,
			);
			name = "border-radius previewer";
			packageProductDependencies = (
			);
			productName = "border-radius previewer";
			productReference = 0133039D2D590FDE007C60F1 /* border-radius previewer.app */;
			productType = "com.apple.product-type.application";
		};
		013303AC2D590FDF007C60F1 /* border-radius previewerTests */ = {
			isa = PBXNativeTarget;
			buildConfigurationList = 013303C42D590FE0007C60F1 /* Build configuration list for PBXNativeTarget "border-radius previewerTests" */;
			buildPhases = (
				013303A92D590FDF007C60F1 /* Sources */,
				013303AA2D590FDF007C60F1 /* Frameworks */,
				013303AB2D590FDF007C60F1 /* Resources */,
			);
			buildRules = (
			);
			dependencies = (
				013303AF2D590FDF007C60F1 /* PBXTargetDependency */,
			);
			fileSystemSynchronizedGroups = (
				013303B02D590FE0007C60F1 /* border-radius previewerTests */,
			);
			name = "border-radius previewerTests";
			packageProductDependencies = (
			);
			productName = "border-radius previewerTests";
			productReference = 013303AD2D590FDF007C60F1 /* border-radius previewerTests.xctest */;
			productType = "com.apple.product-type.bundle.unit-test";
		};
		013303B62D590FE0007C60F1 /* border-radius previewerUITests */ = {
			isa = PBXNativeTarget;
			buildConfigurationList = 013303C72D590FE0007C60F1 /* Build configuration list for PBXNativeTarget "border-radius previewerUITests" */;
			buildPhases = (
				013303B32D590FE0007C60F1 /* Sources */,
				013303B42D590FE0007C60F1 /* Frameworks */,
				013303B52D590FE0007C60F1 /* Resources */,
			);
			buildRules = (
			);
			dependencies = (
				013303B92D590FE0007C60F1 /* PBXTargetDependency */,
			);
			fileSystemSynchronizedGroups = (
				013303BA2D590FE0007C60F1 /* border-radius previewerUITests */,
			);
			name = "border-radius previewerUITests";
			packageProductDependencies = (
			);
			productName = "border-radius previewerUITests";
			productReference = 013303B72D590FE0007C60F1 /* border-radius previewerUITests.xctest */;
			productType = "com.apple.product-type.bundle.ui-testing";
		};
/* End PBXNativeTarget section */

/* Begin PBXProject section */
		013303952D590FDE007C60F1 /* Project object */ = {
			isa = PBXProject;
			attributes = {
				BuildIndependentTargetsInParallel = 1;
				LastSwiftUpdateCheck = 1600;
				LastUpgradeCheck = 1600;
				TargetAttributes = {
					0133039C2D590FDE007C60F1 = {
						CreatedOnToolsVersion = 16.0;
					};
					013303AC2D590FDF007C60F1 = {
						CreatedOnToolsVersion = 16.0;
						TestTargetID = 0133039C2D590FDE007C60F1;
					};
					013303B62D590FE0007C60F1 = {
						CreatedOnToolsVersion = 16.0;
						TestTargetID = 0133039C2D590FDE007C60F1;
					};
				};
			};
			buildConfigurationList = 013303982D590FDE007C60F1 /* Build configuration list for PBXProject "border-radius previewer" */;
			developmentRegion = en;
			hasScannedForEncodings = 0;
			knownRegions = (
				en,
				Base,
			);
			mainGroup = 013303942D590FDE007C60F1;
			minimizedProjectReferenceProxies = 1;
			preferredProjectObjectVersion = 77;
			productRefGroup = 0133039E2D590FDE007C60F1 /* Products */;
			projectDirPath = "";
			projectRoot = "";
			targets = (
				0133039C2D590FDE007C60F1 /* border-radius previewer */,
				013303AC2D590FDF007C60F1 /* border-radius previewerTests */,
				013303B62D590FE0007C60F1 /* border-radius previewerUITests */,
			);
		};
/* End PBXProject section */

/* Begin PBXResourcesBuildPhase section */
		0133039B2D590FDE007C60F1 /* Resources */ = {
			isa = PBXResourcesBuildPhase;
			buildActionMask = 2147483647;
			files = (
				013303F72D593D8D007C60F1 /* .gitignore in Resources */,
			);
			runOnlyForDeploymentPostprocessing = 0;
		};
		013303AB2D590FDF007C60F1 /* Resources */ = {
			isa = PBXResourcesBuildPhase;
			buildActionMask = 2147483647;
			files = (
			);
			runOnlyForDeploymentPostprocessing = 0;
		};
		013303B52D590FE0007C60F1 /* Resources */ = {
			isa = PBXResourcesBuildPhase;
			buildActionMask = 2147483647;
			files = (
			);
			runOnlyForDeploymentPostprocessing = 0;
		};
/* End PBXResourcesBuildPhase section */

/* Begin PBXSourcesBuildPhase section */
		013303992D590FDE007C60F1 /* Sources */ = {
			isa = PBXSourcesBuildPhase;
			buildActionMask = 2147483647;
			files = (
			);
			runOnlyForDeploymentPostprocessing = 0;
		};
		013303A92D590FDF007C60F1 /* Sources */ = {
			isa = PBXSourcesBuildPhase;
			buildActionMask = 2147483647;
			files = (
			);
			runOnlyForDeploymentPostprocessing = 0;
		};
		013303B32D590FE0007C60F1 /* Sources */ = {
			isa = PBXSourcesBuildPhase;
			buildActionMask = 2147483647;
			files = (
			);
			runOnlyForDeploymentPostprocessing = 0;
		};
/* End PBXSourcesBuildPhase section */

/* Begin PBXTargetDependency section */
		013303AF2D590FDF007C60F1 /* PBXTargetDependency */ = {
			isa = PBXTargetDependency;
			target = 0133039C2D590FDE007C60F1 /* border-radius previewer */;
			targetProxy = 013303AE2D590FDF007C60F1 /* PBXContainerItemProxy */;
		};
		013303B92D590FE0007C60F1 /* PBXTargetDependency */ = {
			isa = PBXTargetDependency;
			target = 0133039C2D590FDE007C60F1 /* border-radius previewer */;
			targetProxy = 013303B82D590FE0007C60F1 /* PBXContainerItemProxy */;
		};
/* End PBXTargetDependency section */

/* Begin XCBuildConfiguration section */
		013303BF2D590FE0007C60F1 /* Debug */ = {
			isa = XCBuildConfiguration;
			buildSettings = {
				ALWAYS_SEARCH_USER_PATHS = NO;
				ASSETCATALOG_COMPILER_GENERATE_SWIFT_ASSET_SYMBOL_EXTENSIONS = YES;
				CLANG_ANALYZER_NONNULL = YES;
				CLANG_ANALYZER_NUMBER_OBJECT_CONVERSION = YES_AGGRESSIVE;
				CLANG_CXX_LANGUAGE_STANDARD = "gnu++20";
				CLANG_ENABLE_MODULES = YES;
				CLANG_ENABLE_OBJC_ARC = YES;
				CLANG_ENABLE_OBJC_WEAK = YES;
				CLANG_WARN_BLOCK_CAPTURE_AUTORELEASING = YES;
				CLANG_WARN_BOOL_CONVERSION = YES;
				CLANG_WARN_COMMA = YES;
				CLANG_WARN_CONSTANT_CONVERSION = YES;
				CLANG_WARN_DEPRECATED_OBJC_IMPLEMENTATIONS = YES;
				CLANG_WARN_DIRECT_OBJC_ISA_USAGE = YES_ERROR;
				CLANG_WARN_DOCUMENTATION_COMMENTS = YES;
				CLANG_WARN_EMPTY_BODY = YES;
				CLANG_WARN_ENUM_CONVERSION = YES;
				CLANG_WARN_INFINITE_RECURSION = YES;
				CLANG_WARN_INT_CONVERSION = YES;
				CLANG_WARN_NON_LITERAL_NULL_CONVERSION = YES;
				CLANG_WARN_OBJC_IMPLICIT_RETAIN_SELF = YES;
				CLANG_WARN_OBJC_LITERAL_CONVERSION = YES;
				CLANG_WARN_OBJC_ROOT_CLASS = YES_ERROR;
				CLANG_WARN_QUOTED_INCLUDE_IN_FRAMEWORK_HEADER = YES;
				CLANG_WARN_RANGE_LOOP_ANALYSIS = YES;
				CLANG_WARN_STRICT_PROTOTYPES = YES;
				CLANG_WARN_SUSPICIOUS_MOVE = YES;
				CLANG_WARN_UNGUARDED_AVAILABILITY = YES_AGGRESSIVE;
				CLANG_WARN_UNREACHABLE_CODE = YES;
				CLANG_WARN__DUPLICATE_METHOD_MATCH = YES;
				COPY_PHASE_STRIP = NO;
				DEBUG_INFORMATION_FORMAT = dwarf;
				ENABLE_STRICT_OBJC_MSGSEND = YES;
				ENABLE_TESTABILITY = YES;
				ENABLE_USER_SCRIPT_SANDBOXING = YES;
				GCC_C_LANGUAGE_STANDARD = gnu17;
				GCC_DYNAMIC_NO_PIC = NO;
				GCC_NO_COMMON_BLOCKS = YES;
				GCC_OPTIMIZATION_LEVEL = 0;
				GCC_PREPROCESSOR_DEFINITIONS = (
					"DEBUG=1",
					"$(inherited)",
				);
				GCC_WARN_64_TO_32_BIT_CONVERSION = YES;
				GCC_WARN_ABOUT_RETURN_TYPE = YES_ERROR;
				GCC_WARN_UNDECLARED_SELECTOR = YES;
				GCC_WARN_UNINITIALIZED_AUTOS = YES_AGGRESSIVE;
				GCC_WARN_UNUSED_FUNCTION = YES;
				GCC_WARN_UNUSED_VARIABLE = YES;
				IPHONEOS_DEPLOYMENT_TARGET = 18.0;
				LOCALIZATION_PREFERS_STRING_CATALOGS = YES;
				MTL_ENABLE_DEBUG_INFO = INCLUDE_SOURCE;
				MTL_FAST_MATH = YES;
				ONLY_ACTIVE_ARCH = YES;
				SDKROOT = iphoneos;
				SWIFT_ACTIVE_COMPILATION_CONDITIONS = "DEBUG $(inherited)";
				SWIFT_OPTIMIZATION_LEVEL = "-Onone";
			};
			name = Debug;
		};
		013303C02D590FE0007C60F1 /* Release */ = {
			isa = XCBuildConfiguration;
			buildSettings = {
				ALWAYS_SEARCH_USER_PATHS = NO;
				ASSETCATALOG_COMPILER_GENERATE_SWIFT_ASSET_SYMBOL_EXTENSIONS = YES;
				CLANG_ANALYZER_NONNULL = YES;
				CLANG_ANALYZER_NUMBER_OBJECT_CONVERSION = YES_AGGRESSIVE;
				CLANG_CXX_LANGUAGE_STANDARD = "gnu++20";
				CLANG_ENABLE_MODULES = YES;
				CLANG_ENABLE_OBJC_ARC = YES;
				CLANG_ENABLE_OBJC_WEAK = YES;
				CLANG_WARN_BLOCK_CAPTURE_AUTORELEASING = YES;
				CLANG_WARN_BOOL_CONVERSION = YES;
				CLANG_WARN_COMMA = YES;
				CLANG_WARN_CONSTANT_CONVERSION = YES;
				CLANG_WARN_DEPRECATED_OBJC_IMPLEMENTATIONS = YES;
				CLANG_WARN_DIRECT_OBJC_ISA_USAGE = YES_ERROR;
				CLANG_WARN_DOCUMENTATION_COMMENTS = YES;
				CLANG_WARN_EMPTY_BODY = YES;
				CLANG_WARN_ENUM_CONVERSION = YES;
				CLANG_WARN_INFINITE_RECURSION = YES;
				CLANG_WARN_INT_CONVERSION = YES;
				CLANG_WARN_NON_LITERAL_NULL_CONVERSION = YES;
				CLANG_WARN_OBJC_IMPLICIT_RETAIN_SELF = YES;
				CLANG_WARN_OBJC_LITERAL_CONVERSION = YES;
				CLANG_WARN_OBJC_ROOT_CLASS = YES_ERROR;
				CLANG_WARN_QUOTED_INCLUDE_IN_FRAMEWORK_HEADER = YES;
				CLANG_WARN_RANGE_LOOP_ANALYSIS = YES;
				CLANG_WARN_STRICT_PROTOTYPES = YES;
				CLANG_WARN_SUSPICIOUS_MOVE = YES;
				CLANG_WARN_UNGUARDED_AVAILABILITY = YES_AGGRESSIVE;
				CLANG_WARN_UNREACHABLE_CODE = YES;
				CLANG_WARN__DUPLICATE_METHOD_MATCH = YES;
				COPY_PHASE_STRIP = NO;
				DEBUG_INFORMATION_FORMAT = "dwarf-with-dsym";
				ENABLE_NS_ASSERTIONS = NO;
				ENABLE_STRICT_OBJC_MSGSEND = YES;
				ENABLE_USER_SCRIPT_SANDBOXING = YES;
				GCC_C_LANGUAGE_STANDARD = gnu17;
				GCC_NO_COMMON_BLOCKS = YES;
				GCC_WARN_64_TO_32_BIT_CONVERSION = YES;
				GCC_WARN_ABOUT_RETURN_TYPE = YES_ERROR;
				GCC_WARN_UNDECLARED_SELECTOR = YES;
				GCC_WARN_UNINITIALIZED_AUTOS = YES_AGGRESSIVE;
				GCC_WARN_UNUSED_FUNCTION = YES;
				GCC_WARN_UNUSED_VARIABLE = YES;
				IPHONEOS_DEPLOYMENT_TARGET = 18.0;
				LOCALIZATION_PREFERS_STRING_CATALOGS = YES;
				MTL_ENABLE_DEBUG_INFO = NO;
				MTL_FAST_MATH = YES;
				SDKROOT = iphoneos;
				SWIFT_COMPILATION_MODE = wholemodule;
				VALIDATE_PRODUCT = YES;
			};
			name = Release;
		};
		013303C22D590FE0007C60F1 /* Debug */ = {
			isa = XCBuildConfiguration;
			buildSettings = {
				ASSETCATALOG_COMPILER_APPICON_NAME = AppIcon;
				ASSETCATALOG_COMPILER_GLOBAL_ACCENT_COLOR_NAME = AccentColor;
				CODE_SIGN_STYLE = Automatic;
				CURRENT_PROJECT_VERSION = 1;
				DEVELOPMENT_ASSET_PATHS = "\"border-radius previewer/Preview Content\"";
				DEVELOPMENT_TEAM = 3S38K76AP3;
				ENABLE_PREVIEWS = YES;
				GENERATE_INFOPLIST_FILE = YES;
				INFOPLIST_KEY_UIApplicationSceneManifest_Generation = YES;
				INFOPLIST_KEY_UIApplicationSupportsIndirectInputEvents = YES;
				INFOPLIST_KEY_UILaunchScreen_Generation = YES;
				INFOPLIST_KEY_UISupportedInterfaceOrientations_iPad = "UIInterfaceOrientationPortrait UIInterfaceOrientationPortraitUpsideDown UIInterfaceOrientationLandscapeLeft UIInterfaceOrientationLandscapeRight";
				INFOPLIST_KEY_UISupportedInterfaceOrientations_iPhone = "UIInterfaceOrientationPortrait UIInterfaceOrientationLandscapeLeft UIInterfaceOrientationLandscapeRight";
				LD_RUNPATH_SEARCH_PATHS = (
					"$(inherited)",
					"@executable_path/Frameworks",
				);
				MARKETING_VERSION = 1.0;
				PRODUCT_BUNDLE_IDENTIFIER = "com.skanderthabet.border-radius-previewer";
				PRODUCT_NAME = "$(TARGET_NAME)";
				SWIFT_EMIT_LOC_STRINGS = YES;
				SWIFT_VERSION = 5.0;
				TARGETED_DEVICE_FAMILY = "1,2";
			};
			name = Debug;
		};
		013303C32D590FE0007C60F1 /* Release */ = {
			isa = XCBuildConfiguration;
			buildSettings = {
				ASSETCATALOG_COMPILER_APPICON_NAME = AppIcon;
				ASSETCATALOG_COMPILER_GLOBAL_ACCENT_COLOR_NAME = AccentColor;
				CODE_SIGN_STYLE = Automatic;
				CURRENT_PROJECT_VERSION = 1;
				DEVELOPMENT_ASSET_PATHS = "\"border-radius previewer/Preview Content\"";
				DEVELOPMENT_TEAM = 3S38K76AP3;
				ENABLE_PREVIEWS = YES;
				GENERATE_INFOPLIST_FILE = YES;
				INFOPLIST_KEY_UIApplicationSceneManifest_Generation = YES;
				INFOPLIST_KEY_UIApplicationSupportsIndirectInputEvents = YES;
				INFOPLIST_KEY_UILaunchScreen_Generation = YES;
				INFOPLIST_KEY_UISupportedInterfaceOrientations_iPad = "UIInterfaceOrientationPortrait UIInterfaceOrientationPortraitUpsideDown UIInterfaceOrientationLandscapeLeft UIInterfaceOrientationLandscapeRight";
				INFOPLIST_KEY_UISupportedInterfaceOrientations_iPhone = "UIInterfaceOrientationPortrait UIInterfaceOrientationLandscapeLeft UIInterfaceOrientationLandscapeRight";
				LD_RUNPATH_SEARCH_PATHS = (
					"$(inherited)",
					"@executable_path/Frameworks",
				);
				MARKETING_VERSION = 1.0;
				PRODUCT_BUNDLE_IDENTIFIER = "com.skanderthabet.border-radius-previewer";
				PRODUCT_NAME = "$(TARGET_NAME)";
				SWIFT_EMIT_LOC_STRINGS = YES;
				SWIFT_VERSION = 5.0;
				TARGETED_DEVICE_FAMILY = "1,2";
			};
			name = Release;
		};
		013303C52D590FE0007C60F1 /* Debug */ = {
			isa = XCBuildConfiguration;
			buildSettings = {
				BUNDLE_LOADER = "$(TEST_HOST)";
				CODE_SIGN_STYLE = Automatic;
				CURRENT_PROJECT_VERSION = 1;
				DEVELOPMENT_TEAM = 3S38K76AP3;
				GENERATE_INFOPLIST_FILE = YES;
				IPHONEOS_DEPLOYMENT_TARGET = 18.0;
				MARKETING_VERSION = 1.0;
				PRODUCT_BUNDLE_IDENTIFIER = "com.skanderthabet.border-radius-previewerTests";
				PRODUCT_NAME = "$(TARGET_NAME)";
				SWIFT_EMIT_LOC_STRINGS = NO;
				SWIFT_VERSION = 5.0;
				TARGETED_DEVICE_FAMILY = "1,2";
				TEST_HOST = "$(BUILT_PRODUCTS_DIR)/border-radius previewer.app/$(BUNDLE_EXECUTABLE_FOLDER_PATH)/border-radius previewer";
			};
			name = Debug;
		};
		013303C62D590FE0007C60F1 /* Release */ = {
			isa = XCBuildConfiguration;
			buildSettings = {
				BUNDLE_LOADER = "$(TEST_HOST)";
				CODE_SIGN_STYLE = Automatic;
				CURRENT_PROJECT_VERSION = 1;
				DEVELOPMENT_TEAM = 3S38K76AP3;
				GENERATE_INFOPLIST_FILE = YES;
				IPHONEOS_DEPLOYMENT_TARGET = 18.0;
				MARKETING_VERSION = 1.0;
				PRODUCT_BUNDLE_IDENTIFIER = "com.skanderthabet.border-radius-previewerTests";
				PRODUCT_NAME = "$(TARGET_NAME)";
				SWIFT_EMIT_LOC_STRINGS = NO;
				SWIFT_VERSION = 5.0;
				TARGETED_DEVICE_FAMILY = "1,2";
				TEST_HOST = "$(BUILT_PRODUCTS_DIR)/border-radius previewer.app/$(BUNDLE_EXECUTABLE_FOLDER_PATH)/border-radius previewer";
			};
			name = Release;
		};
		013303C82D590FE0007C60F1 /* Debug */ = {
			isa = XCBuildConfiguration;
			buildSettings = {
				CODE_SIGN_STYLE = Automatic;
				CURRENT_PROJECT_VERSION = 1;
				DEVELOPMENT_TEAM = 3S38K76AP3;
				GENERATE_INFOPLIST_FILE = YES;
				MARKETING_VERSION = 1.0;
				PRODUCT_BUNDLE_IDENTIFIER = "com.skanderthabet.border-radius-previewerUITests";
				PRODUCT_NAME = "$(TARGET_NAME)";
				SWIFT_EMIT_LOC_STRINGS = NO;
				SWIFT_VERSION = 5.0;
				TARGETED_DEVICE_FAMILY = "1,2";
				TEST_TARGET_NAME = "border-radius previewer";
			};
			name = Debug;
		};
		013303C92D590FE0007C60F1 /* Release */ = {
			isa = XCBuildConfiguration;
			buildSettings = {
				CODE_SIGN_STYLE = Automatic;
				CURRENT_PROJECT_VERSION = 1;
				DEVELOPMENT_TEAM = 3S38K76AP3;
				GENERATE_INFOPLIST_FILE = YES;
				MARKETING_VERSION = 1.0;
				PRODUCT_BUNDLE_IDENTIFIER = "com.skanderthabet.border-radius-previewerUITests";
				PRODUCT_NAME = "$(TARGET_NAME)";
				SWIFT_EMIT_LOC_STRINGS = NO;
				SWIFT_VERSION = 5.0;
				TARGETED_DEVICE_FAMILY = "1,2";
				TEST_TARGET_NAME = "border-radius previewer";
			};
			name = Release;
		};
/* End XCBuildConfiguration section */

/* Begin XCConfigurationList section */
		013303982D590FDE007C60F1 /* Build configuration list for PBXProject "border-radius previewer" */ = {
			isa = XCConfigurationList;
			buildConfigurations = (
				013303BF2D590FE0007C60F1 /* Debug */,
				013303C02D590FE0007C60F1 /* Release */,
			);
			defaultConfigurationIsVisible = 0;
			defaultConfigurationName = Release;
		};
		013303C12D590FE0007C60F1 /* Build configuration list for PBXNativeTarget "border-radius previewer" */ = {
			isa = XCConfigurationList;
			buildConfigurations = (
				013303C22D590FE0007C60F1 /* Debug */,
				013303C32D590FE0007C60F1 /* Release */,
			);
			defaultConfigurationIsVisible = 0;
			defaultConfigurationName = Release;
		};
		013303C42D590FE0007C60F1 /* Build configuration list for PBXNativeTarget "border-radius previewerTests" */ = {
			isa = XCConfigurationList;
			buildConfigurations = (
				013303C52D590FE0007C60F1 /* Debug */,
				013303C62D590FE0007C60F1 /* Release */,
			);
			defaultConfigurationIsVisible = 0;
			defaultConfigurationName = Release;
		};
		013303C72D590FE0007C60F1 /* Build configuration list for PBXNativeTarget "border-radius previewerUITests" */ = {
			isa = XCConfigurationList;
			buildConfigurations = (
				013303C82D590FE0007C60F1 /* Debug */,
				013303C92D590FE0007C60F1 /* Release */,
			);
			defaultConfigurationIsVisible = 0;
			defaultConfigurationName = Release;
		};
/* End XCConfigurationList section */
	};
	rootObject = 013303952D590FDE007C60F1 /* Project object */;
}
